
Microsoft Visual Studio Solution File, Format Version 12.00
# Visual Studio Version 17
VisualStudioVersion = 17.2.32519.379
MinimumVisualStudioVersion = 10.0.40219.1
Project("{FAE04EC0-301F-11D3-BF4B-00C04F79EFBC}") = "BlogLabApi", "BlogLabApi\BlogLabApi.csproj", "{67876798-323C-4F9E-83F1-B6AB3DA2C9E4}"
EndProject
Global
	GlobalSection(SolutionConfigurationPlatforms) = preSolution
		Debug|Any CPU = Debug|Any CPU
		Release|Any CPU = Release|Any CPU
	EndGlobalSection
	GlobalSection(ProjectConfigurationPlatforms) = postSolution
		{67876798-323C-4F9E-83F1-B6AB3DA2C9E4}.Debug|Any CPU.ActiveCfg = Debug|Any CPU
		{67876798-323C-4F9E-83F1-B6AB3DA2C9E4}.Debug|Any CPU.Build.0 = Debug|Any CPU
		{67876798-323C-4F9E-83F1-B6AB3DA2C9E4}.Release|Any CPU.ActiveCfg = Release|Any CPU
		{67876798-323C-4F9E-83F1-B6AB3DA2C9E4}.Release|Any CPU.Build.0 = Release|Any CPU
	EndGlobalSection
	GlobalSection(SolutionProperties) = preSolution
		HideSolutionNode = FALSE
	EndGlobalSection
	GlobalSection(ExtensibilityGlobals) = postSolution
		SolutionGuid = {EC50C9E6-DEF0-4489-9D7D-8E577C2D91BF}
	EndGlobalSection
EndGlobal
